{
    "hash": "22642ffc491ba69522b710578e49c018",
    "packages": [
        {
            "package": "doctrine/common",
            "version": "2.1.x-dev",
            "source-reference": "41794945e795e108060eddb3342c9e13524b9b3e",
            "commit-date": "1331851788"
        },
        {
            "package": "doctrine/data-fixtures",
            "version": "dev-master",
            "source-reference": "779c3dfe446b6da893be87b908d6be28345d1e01",
            "commit-date": "1341780535"
        },
        {
            "package": "doctrine/dbal",
            "version": "2.1.x-dev",
            "source-reference": "76799960a54af583e82bedcf246e8c9c18006e94",
            "commit-date": "1338146238"
        },
        {
            "package": "doctrine/doctrine-fixtures-bundle",
            "version": "2.0.x-dev",
            "source-reference": "479f10d068bd0b01e055aa2f555946893322b79c",
            "commit-date": "1338408493"
        },
        {
            "package": "doctrine/doctrine-migrations-bundle",
            "version": "2.0.x-dev",
            "source-reference": "bd69825665bf3cb4c36b608fa79f364cece371c5",
            "commit-date": "1338459525"
        },
        {
            "package": "doctrine/migrations",
            "version": "dev-master",
            "source-reference": "b86b4cc0a39714f0aa53b908d495beacfa0e4011",
            "commit-date": "1343202693"
        },
        {
            "package": "doctrine/orm",
            "version": "2.1.x-dev",
            "source-reference": "1c0f88f2b398a9709d32c6d62896c4db9f9f3c9a",
            "commit-date": "1343556552"
        },
        {
            "package": "jms/aop-bundle",
            "version": "1.0.0"
        },
        {
            "package": "jms/cg",
            "version": "1.0.0"
        },
        {
            "package": "jms/metadata",
            "version": "1.1.1"
        },
        {
            "package": "jms/security-extra-bundle",
            "version": "1.1.0"
        },
        {
            "package": "kriswallsmith/assetic",
            "version": "1.0.x-dev",
            "source-reference": "v1.0.4",
            "commit-date": "1346156308"
        },
        {
            "package": "monolog/monolog",
            "version": "1.2.1"
        },
        {
            "package": "sensio/framework-extra-bundle",
            "version": "2.0.x-dev",
            "source-reference": "v2.0.17",
            "commit-date": "1343372444"
        },
        {
            "package": "sensio/generator-bundle",
            "version": "2.0.x-dev",
            "source-reference": "v2.0.17",
            "commit-date": "1339741720"
        },
        {
            "package": "swiftmailer/swiftmailer",
            "version": "v4.2.1"
        },
        {
            "package": "symfony/assetic-bundle",
            "version": "2.0.x-dev",
            "source-reference": "6f15728c1aefa5246caa83730e3dbf70b0d46052",
            "commit-date": "1342820272"
        },
        {
            "package": "symfony/symfony",
            "version": "v2.0.17"
        },
        {
            "package": "twig/twig",
            "version": "v1.8.2"
        },
        {
            "package": "universibo/shibboleth-bundle",
            "version": "dev-master",
            "source-reference": "d75c1aad5f9f02871a617d32e368cfdc8fae5238",
            "commit-date": "1346343382"
        },
        {
            "package": "zendframework/zendframework",
            "version": "dev-master",
            "alias-pretty-version": "2.0.x-dev",
            "alias-version": "2.0.9999999.9999999-dev"
        },
        {
            "package": "zendframework/zendframework",
            "version": "dev-master",
            "source-reference": "89eaf412a789a191a468977d3500e9adf0bb1d68",
            "commit-date": "1346268864"
        }
    ],
    "packages-dev": null,
    "aliases": [

    ],
    "minimum-stability": "dev",
    "stability-flags": {
        "symfony/assetic-bundle": 20,
        "doctrine/orm": 20,
        "doctrine/doctrine-fixtures-bundle": 20,
        "doctrine/doctrine-migrations-bundle": 20,
        "sensio/generator-bundle": 20,
        "sensio/framework-extra-bundle": 20,
        "zendframework/zend-feed": 20,
        "universibo/shibboleth-bundle": 20
    }
}
